
Microsoft Visual Studio Solution File, Format Version 12.00
# Visual Studio Version 17
VisualStudioVersion = 17.5.002.0
MinimumVisualStudioVersion = 10.0.40219.1
Project("{9A19103F-16F7-4668-BE54-9A1E7A4F7556}") = "pedrapapeltesoura", "pedrapapeltesoura.csproj", "{18F0E60A-3A71-412A-9C5C-EDA7A6C80CAA}"
EndProject
Global
	GlobalSection(SolutionConfigurationPlatforms) = preSolution
		Debug|Any CPU = Debug|Any CPU
		Release|Any CPU = Release|Any CPU
	EndGlobalSection
	GlobalSection(ProjectConfigurationPlatforms) = postSolution
		{18F0E60A-3A71-412A-9C5C-EDA7A6C80CAA}.Debug|Any CPU.ActiveCfg = Debug|Any CPU
		{18F0E60A-3A71-412A-9C5C-EDA7A6C80CAA}.Debug|Any CPU.Build.0 = Debug|Any CPU
		{18F0E60A-3A71-412A-9C5C-EDA7A6C80CAA}.Release|Any CPU.ActiveCfg = Release|Any CPU
		{18F0E60A-3A71-412A-9C5C-EDA7A6C80CAA}.Release|Any CPU.Build.0 = Release|Any CPU
	EndGlobalSection
	GlobalSection(SolutionProperties) = preSolution
		HideSolutionNode = FALSE
	EndGlobalSection
	GlobalSection(ExtensibilityGlobals) = postSolution
		SolutionGuid = {B4B18E8C-24A8-4393-9E4B-9FC550D3DD30}
	EndGlobalSection
EndGlobal
